// !$*UTF8*$!
{
	archiveVersion = 1;
	classes = {
	};
	objectVersion = 77;
	objects = {

/* Begin PBXBuildFile section */
		D53E88402E62ED4F00D49E06 /* VTKeyboardExtension.appex in Embed Foundation Extensions */ = {isa = PBXBuildFile; fileRef = D53E88392E62ED4F00D49E06 /* VTKeyboardExtension.appex */; settings = {ATTRIBUTES = (RemoveHeadersOnCopy, ); }; };
		D53E88482E62F00F00D49E06 /* SharedKeys.swift in Sources */ = {isa = PBXBuildFile; fileRef = D53E88472E62EDD300D49E06 /* SharedKeys.swift */; };
		D53E88492E62F00F00D49E06 /* SharedKeys.swift in Sources */ = {isa = PBXBuildFile; fileRef = D53E88472E62EDD300D49E06 /* SharedKeys.swift */; };
		D53E884A2E62F00F00D49E06 /* SharedKeys.swift in Sources */ = {isa = PBXBuildFile; fileRef = D53E88472E62EDD300D49E06 /* SharedKeys.swift */; };
		D53E884B2E62F00F00D49E06 /* SharedKeys.swift in Sources */ = {isa = PBXBuildFile; fileRef = D53E88472E62EDD300D49E06 /* SharedKeys.swift */; };
/* End PBXBuildFile section */

/* Begin PBXContainerItemProxy section */
		D53E87DC2E62DFD200D49E06 /* PBXContainerItemProxy */ = {
			isa = PBXContainerItemProxy;
			containerPortal = D53E87C62E62DFD100D49E06 /* Project object */;
			proxyType = 1;
			remoteGlobalIDString = D53E87CD2E62DFD100D49E06;
			remoteInfo = VTKeyboard;
		};
		D53E87E62E62DFD200D49E06 /* PBXContainerItemProxy */ = {
			isa = PBXContainerItemProxy;
			containerPortal = D53E87C62E62DFD100D49E06 /* Project object */;
			proxyType = 1;
			remoteGlobalIDString = D53E87CD2E62DFD100D49E06;
			remoteInfo = VTKeyboard;
		};
		D53E883E2E62ED4F00D49E06 /* PBXContainerItemProxy */ = {
			isa = PBXContainerItemProxy;
			containerPortal = D53E87C62E62DFD100D49E06 /* Project object */;
			proxyType = 1;
			remoteGlobalIDString = D53E88382E62ED4F00D49E06;
			remoteInfo = VTKeyboardExtension;
		};
/* End PBXContainerItemProxy section */

/* Begin PBXCopyFilesBuildPhase section */
		D53E88452E62ED4F00D49E06 /* Embed Foundation Extensions */ = {
			isa = PBXCopyFilesBuildPhase;
			buildActionMask = 2147483647;
			dstPath = "";
			dstSubfolderSpec = 13;
			files = (
				D53E88402E62ED4F00D49E06 /* VTKeyboardExtension.appex in Embed Foundation Extensions */,
			);
			name = "Embed Foundation Extensions";
			runOnlyForDeploymentPostprocessing = 0;
		};
/* End PBXCopyFilesBuildPhase section */

/* Begin PBXFileReference section */
		D53E87CE2E62DFD100D49E06 /* VTKeyboard.app */ = {isa = PBXFileReference; explicitFileType = wrapper.application; includeInIndex = 0; path = VTKeyboard.app; sourceTree = BUILT_PRODUCTS_DIR; };
		D53E87DB2E62DFD200D49E06 /* VTKeyboardTests.xctest */ = {isa = PBXFileReference; explicitFileType = wrapper.cfbundle; includeInIndex = 0; path = VTKeyboardTests.xctest; sourceTree = BUILT_PRODUCTS_DIR; };
		D53E87E52E62DFD200D49E06 /* VTKeyboardUITests.xctest */ = {isa = PBXFileReference; explicitFileType = wrapper.cfbundle; includeInIndex = 0; path = VTKeyboardUITests.xctest; sourceTree = BUILT_PRODUCTS_DIR; };
		D53E88392E62ED4F00D49E06 /* VTKeyboardExtension.appex */ = {isa = PBXFileReference; explicitFileType = "wrapper.app-extension"; includeInIndex = 0; path = VTKeyboardExtension.appex; sourceTree = BUILT_PRODUCTS_DIR; };
		D53E88472E62EDD300D49E06 /* SharedKeys.swift */ = {isa = PBXFileReference; lastKnownFileType = sourcecode.swift; path = SharedKeys.swift; sourceTree = "<group>"; };
/* End PBXFileReference section */

/* Begin PBXFileSystemSynchronizedBuildFileExceptionSet section */
		D53E88412E62ED4F00D49E06 /* Exceptions for "VTKeyboardExtension" folder in "VTKeyboardExtension" target */ = {
			isa = PBXFileSystemSynchronizedBuildFileExceptionSet;
			membershipExceptions = (
				Info.plist,
			);
			target = D53E88382E62ED4F00D49E06 /* VTKeyboardExtension */;
		};
		D53E884F2E62F4A900D49E06 /* Exceptions for "VTKeyboard" folder in "VTKeyboard" target */ = {
			isa = PBXFileSystemSynchronizedBuildFileExceptionSet;
			membershipExceptions = (
				Info.plist,
			);
			target = D53E87CD2E62DFD100D49E06 /* VTKeyboard */;
		};
/* End PBXFileSystemSynchronizedBuildFileExceptionSet section */

/* Begin PBXFileSystemSynchronizedRootGroup section */
		D53E87D02E62DFD100D49E06 /* VTKeyboard */ = {
			isa = PBXFileSystemSynchronizedRootGroup;
			exceptions = (
				D53E884F2E62F4A900D49E06 /* Exceptions for "VTKeyboard" folder in "VTKeyboard" target */,
			);
			path = VTKeyboard;
			sourceTree = "<group>";
		};
		D53E87DE2E62DFD200D49E06 /* VTKeyboardTests */ = {
			isa = PBXFileSystemSynchronizedRootGroup;
			path = VTKeyboardTests;
			sourceTree = "<group>";
		};
		D53E87E82E62DFD200D49E06 /* VTKeyboardUITests */ = {
			isa = PBXFileSystemSynchronizedRootGroup;
			path = VTKeyboardUITests;
			sourceTree = "<group>";
		};
		D53E883A2E62ED4F00D49E06 /* VTKeyboardExtension */ = {
			isa = PBXFileSystemSynchronizedRootGroup;
			exceptions = (
				D53E88412E62ED4F00D49E06 /* Exceptions for "VTKeyboardExtension" folder in "VTKeyboardExtension" target */,
			);
			path = VTKeyboardExtension;
			sourceTree = "<group>";
		};
/* End PBXFileSystemSynchronizedRootGroup section */

/* Begin PBXFrameworksBuildPhase section */
		D53E87CB2E62DFD100D49E06 /* Frameworks */ = {
			isa = PBXFrameworksBuildPhase;
			buildActionMask = 2147483647;
			files = (
			);
			runOnlyForDeploymentPostprocessing = 0;
		};
		D53E87D82E62DFD200D49E06 /* Frameworks */ = {
			isa = PBXFrameworksBuildPhase;
			buildActionMask = 2147483647;
			files = (
			);
			runOnlyForDeploymentPostprocessing = 0;
		};
		D53E87E22E62DFD200D49E06 /* Frameworks */ = {
			isa = PBXFrameworksBuildPhase;
			buildActionMask = 2147483647;
			files = (
			);
			runOnlyForDeploymentPostprocessing = 0;
		};
		D53E88362E62ED4F00D49E06 /* Frameworks */ = {
			isa = PBXFrameworksBuildPhase;
			buildActionMask = 2147483647;
			files = (
			);
			runOnlyForDeploymentPostprocessing = 0;
		};
/* End PBXFrameworksBuildPhase section */

/* Begin PBXGroup section */
		D53E87C52E62DFD100D49E06 = {
			isa = PBXGroup;
			children = (
				D53E88462E62EDA600D49E06 /* Shared */,
				D53E87D02E62DFD100D49E06 /* VTKeyboard */,
				D53E87DE2E62DFD200D49E06 /* VTKeyboardTests */,
				D53E87E82E62DFD200D49E06 /* VTKeyboardUITests */,
				D53E883A2E62ED4F00D49E06 /* VTKeyboardExtension */,
				D53E87CF2E62DFD100D49E06 /* Products */,
			);
			sourceTree = "<group>";
		};
		D53E87CF2E62DFD100D49E06 /* Products */ = {
			isa = PBXGroup;
			children = (
				D53E87CE2E62DFD100D49E06 /* VTKeyboard.app */,
				D53E87DB2E62DFD200D49E06 /* VTKeyboardTests.xctest */,
				D53E87E52E62DFD200D49E06 /* VTKeyboardUITests.xctest */,
				D53E88392E62ED4F00D49E06 /* VTKeyboardExtension.appex */,
			);
			name = Products;
			sourceTree = "<group>";
		};
		D53E88462E62EDA600D49E06 /* Shared */ = {
			isa = PBXGroup;
			children = (
				D53E88472E62EDD300D49E06 /* SharedKeys.swift */,
			);
			path = Shared;
			sourceTree = "<group>";
		};
/* End PBXGroup section */

/* Begin PBXNativeTarget section */
		D53E87CD2E62DFD100D49E06 /* VTKeyboard */ = {
			isa = PBXNativeTarget;
			buildConfigurationList = D53E87EF2E62DFD200D49E06 /* Build configuration list for PBXNativeTarget "VTKeyboard" */;
			buildPhases = (
				D53E87CA2E62DFD100D49E06 /* Sources */,
				D53E87CB2E62DFD100D49E06 /* Frameworks */,
				D53E87CC2E62DFD100D49E06 /* Resources */,
				D53E88452E62ED4F00D49E06 /* Embed Foundation Extensions */,
			);
			buildRules = (
			);
			dependencies = (
				D53E883F2E62ED4F00D49E06 /* PBXTargetDependency */,
			);
			fileSystemSynchronizedGroups = (
				D53E87D02E62DFD100D49E06 /* VTKeyboard */,
			);
			name = VTKeyboard;
			packageProductDependencies = (
			);
			productName = VTKeyboard;
			productReference = D53E87CE2E62DFD100D49E06 /* VTKeyboard.app */;
			productType = "com.apple.product-type.application";
		};
		D53E87DA2E62DFD200D49E06 /* VTKeyboardTests */ = {
			isa = PBXNativeTarget;
			buildConfigurationList = D53E87F22E62DFD200D49E06 /* Build configuration list for PBXNativeTarget "VTKeyboardTests" */;
			buildPhases = (
				D53E87D72E62DFD200D49E06 /* Sources */,
				D53E87D82E62DFD200D49E06 /* Frameworks */,
				D53E87D92E62DFD200D49E06 /* Resources */,
			);
			buildRules = (
			);
			dependencies = (
				D53E87DD2E62DFD200D49E06 /* PBXTargetDependency */,
			);
			fileSystemSynchronizedGroups = (
				D53E87DE2E62DFD200D49E06 /* VTKeyboardTests */,
			);
			name = VTKeyboardTests;
			packageProductDependencies = (
			);
			productName = VTKeyboardTests;
			productReference = D53E87DB2E62DFD200D49E06 /* VTKeyboardTests.xctest */;
			productType = "com.apple.product-type.bundle.unit-test";
		};
		D53E87E42E62DFD200D49E06 /* VTKeyboardUITests */ = {
			isa = PBXNativeTarget;
			buildConfigurationList = D53E87F52E62DFD200D49E06 /* Build configuration list for PBXNativeTarget "VTKeyboardUITests" */;
			buildPhases = (
				D53E87E12E62DFD200D49E06 /* Sources */,
				D53E87E22E62DFD200D49E06 /* Frameworks */,
				D53E87E32E62DFD200D49E06 /* Resources */,
			);
			buildRules = (
			);
			dependencies = (
				D53E87E72E62DFD200D49E06 /* PBXTargetDependency */,
			);
			fileSystemSynchronizedGroups = (
				D53E87E82E62DFD200D49E06 /* VTKeyboardUITests */,
			);
			name = VTKeyboardUITests;
			packageProductDependencies = (
			);
			productName = VTKeyboardUITests;
			productReference = D53E87E52E62DFD200D49E06 /* VTKeyboardUITests.xctest */;
			productType = "com.apple.product-type.bundle.ui-testing";
		};
		D53E88382E62ED4F00D49E06 /* VTKeyboardExtension */ = {
			isa = PBXNativeTarget;
			buildConfigurationList = D53E88422E62ED4F00D49E06 /* Build configuration list for PBXNativeTarget "VTKeyboardExtension" */;
			buildPhases = (
				D53E88352E62ED4F00D49E06 /* Sources */,
				D53E88362E62ED4F00D49E06 /* Frameworks */,
				D53E88372E62ED4F00D49E06 /* Resources */,
			);
			buildRules = (
			);
			dependencies = (
			);
			fileSystemSynchronizedGroups = (
				D53E883A2E62ED4F00D49E06 /* VTKeyboardExtension */,
			);
			name = VTKeyboardExtension;
			packageProductDependencies = (
			);
			productName = VTKeyboardExtension;
			productReference = D53E88392E62ED4F00D49E06 /* VTKeyboardExtension.appex */;
			productType = "com.apple.product-type.app-extension";
		};
/* End PBXNativeTarget section */

/* Begin PBXProject section */
		D53E87C62E62DFD100D49E06 /* Project object */ = {
			isa = PBXProject;
			attributes = {
				BuildIndependentTargetsInParallel = 1;
				LastSwiftUpdateCheck = 1640;
				LastUpgradeCheck = 1640;
				TargetAttributes = {
					D53E87CD2E62DFD100D49E06 = {
						CreatedOnToolsVersion = 16.4;
					};
					D53E87DA2E62DFD200D49E06 = {
						CreatedOnToolsVersion = 16.4;
						TestTargetID = D53E87CD2E62DFD100D49E06;
					};
					D53E87E42E62DFD200D49E06 = {
						CreatedOnToolsVersion = 16.4;
						TestTargetID = D53E87CD2E62DFD100D49E06;
					};
					D53E88382E62ED4F00D49E06 = {
						CreatedOnToolsVersion = 16.4;
					};
				};
			};
			buildConfigurationList = D53E87C92E62DFD100D49E06 /* Build configuration list for PBXProject "VTKeyboard" */;
			developmentRegion = en;
			hasScannedForEncodings = 0;
			knownRegions = (
				en,
				Base,
			);
			mainGroup = D53E87C52E62DFD100D49E06;
			minimizedProjectReferenceProxies = 1;
			preferredProjectObjectVersion = 77;
			productRefGroup = D53E87CF2E62DFD100D49E06 /* Products */;
			projectDirPath = "";
			projectRoot = "";
			targets = (
				D53E87CD2E62DFD100D49E06 /* VTKeyboard */,
				D53E87DA2E62DFD200D49E06 /* VTKeyboardTests */,
				D53E87E42E62DFD200D49E06 /* VTKeyboardUITests */,
				D53E88382E62ED4F00D49E06 /* VTKeyboardExtension */,
			);
		};
/* End PBXProject section */

/* Begin PBXResourcesBuildPhase section */
		D53E87CC2E62DFD100D49E06 /* Resources */ = {
			isa = PBXResourcesBuildPhase;
			buildActionMask = 2147483647;
			files = (
			);
			runOnlyForDeploymentPostprocessing = 0;
		};
		D53E87D92E62DFD200D49E06 /* Resources */ = {
			isa = PBXResourcesBuildPhase;
			buildActionMask = 2147483647;
			files = (
			);
			runOnlyForDeploymentPostprocessing = 0;
		};
		D53E87E32E62DFD200D49E06 /* Resources */ = {
			isa = PBXResourcesBuildPhase;
			buildActionMask = 2147483647;
			files = (
			);
			runOnlyForDeploymentPostprocessing = 0;
		};
		D53E88372E62ED4F00D49E06 /* Resources */ = {
			isa = PBXResourcesBuildPhase;
			buildActionMask = 2147483647;
			files = (
			);
			runOnlyForDeploymentPostprocessing = 0;
		};
/* End PBXResourcesBuildPhase section */

/* Begin PBXSourcesBuildPhase section */
		D53E87CA2E62DFD100D49E06 /* Sources */ = {
			isa = PBXSourcesBuildPhase;
			buildActionMask = 2147483647;
			files = (
				D53E88482E62F00F00D49E06 /* SharedKeys.swift in Sources */,
			);
			runOnlyForDeploymentPostprocessing = 0;
		};
		D53E87D72E62DFD200D49E06 /* Sources */ = {
			isa = PBXSourcesBuildPhase;
			buildActionMask = 2147483647;
			files = (
				D53E88492E62F00F00D49E06 /* SharedKeys.swift in Sources */,
			);
			runOnlyForDeploymentPostprocessing = 0;
		};
		D53E87E12E62DFD200D49E06 /* Sources */ = {
			isa = PBXSourcesBuildPhase;
			buildActionMask = 2147483647;
			files = (
				D53E884A2E62F00F00D49E06 /* SharedKeys.swift in Sources */,
			);
			runOnlyForDeploymentPostprocessing = 0;
		};
		D53E88352E62ED4F00D49E06 /* Sources */ = {
			isa = PBXSourcesBuildPhase;
			buildActionMask = 2147483647;
			files = (
				D53E884B2E62F00F00D49E06 /* SharedKeys.swift in Sources */,
			);
			runOnlyForDeploymentPostprocessing = 0;
		};
/* End PBXSourcesBuildPhase section */

/* Begin PBXTargetDependency section */
		D53E87DD2E62DFD200D49E06 /* PBXTargetDependency */ = {
			isa = PBXTargetDependency;
			target = D53E87CD2E62DFD100D49E06 /* VTKeyboard */;
			targetProxy = D53E87DC2E62DFD200D49E06 /* PBXContainerItemProxy */;
		};
		D53E87E72E62DFD200D49E06 /* PBXTargetDependency */ = {
			isa = PBXTargetDependency;
			target = D53E87CD2E62DFD100D49E06 /* VTKeyboard */;
			targetProxy = D53E87E62E62DFD200D49E06 /* PBXContainerItemProxy */;
		};
		D53E883F2E62ED4F00D49E06 /* PBXTargetDependency */ = {
			isa = PBXTargetDependency;
			target = D53E88382E62ED4F00D49E06 /* VTKeyboardExtension */;
			targetProxy = D53E883E2E62ED4F00D49E06 /* PBXContainerItemProxy */;
		};
/* End PBXTargetDependency section */

/* Begin XCBuildConfiguration section */
		D53E87ED2E62DFD200D49E06 /* Debug */ = {
			isa = XCBuildConfiguration;
			buildSettings = {
				ALWAYS_SEARCH_USER_PATHS = NO;
				ASSETCATALOG_COMPILER_GENERATE_SWIFT_ASSET_SYMBOL_EXTENSIONS = YES;
				CLANG_ANALYZER_NONNULL = YES;
				CLANG_ANALYZER_NUMBER_OBJECT_CONVERSION = YES_AGGRESSIVE;
				CLANG_CXX_LANGUAGE_STANDARD = "gnu++20";
				CLANG_ENABLE_MODULES = YES;
				CLANG_ENABLE_OBJC_ARC = YES;
				CLANG_ENABLE_OBJC_WEAK = YES;
				CLANG_WARN_BLOCK_CAPTURE_AUTORELEASING = YES;
				CLANG_WARN_BOOL_CONVERSION = YES;
				CLANG_WARN_COMMA = YES;
				CLANG_WARN_CONSTANT_CONVERSION = YES;
				CLANG_WARN_DEPRECATED_OBJC_IMPLEMENTATIONS = YES;
				CLANG_WARN_DIRECT_OBJC_ISA_USAGE = YES_ERROR;
				CLANG_WARN_DOCUMENTATION_COMMENTS = YES;
				CLANG_WARN_EMPTY_BODY = YES;
				CLANG_WARN_ENUM_CONVERSION = YES;
				CLANG_WARN_INFINITE_RECURSION = YES;
				CLANG_WARN_INT_CONVERSION = YES;
				CLANG_WARN_NON_LITERAL_NULL_CONVERSION = YES;
				CLANG_WARN_OBJC_IMPLICIT_RETAIN_SELF = YES;
				CLANG_WARN_OBJC_LITERAL_CONVERSION = YES;
				CLANG_WARN_OBJC_ROOT_CLASS = YES_ERROR;
				CLANG_WARN_QUOTED_INCLUDE_IN_FRAMEWORK_HEADER = YES;
				CLANG_WARN_RANGE_LOOP_ANALYSIS = YES;
				CLANG_WARN_STRICT_PROTOTYPES = YES;
				CLANG_WARN_SUSPICIOUS_MOVE = YES;
				CLANG_WARN_UNGUARDED_AVAILABILITY = YES_AGGRESSIVE;
				CLANG_WARN_UNREACHABLE_CODE = YES;
				CLANG_WARN__DUPLICATE_METHOD_MATCH = YES;
				COPY_PHASE_STRIP = NO;
				DEBUG_INFORMATION_FORMAT = dwarf;
				DEVELOPMENT_TEAM = ACG93K4C9J;
				ENABLE_STRICT_OBJC_MSGSEND = YES;
				ENABLE_TESTABILITY = YES;
				ENABLE_USER_SCRIPT_SANDBOXING = YES;
				GCC_C_LANGUAGE_STANDARD = gnu17;
				GCC_DYNAMIC_NO_PIC = NO;
				GCC_NO_COMMON_BLOCKS = YES;
				GCC_OPTIMIZATION_LEVEL = 0;
				GCC_PREPROCESSOR_DEFINITIONS = (
					"DEBUG=1",
					"$(inherited)",
				);
				GCC_WARN_64_TO_32_BIT_CONVERSION = YES;
				GCC_WARN_ABOUT_RETURN_TYPE = YES_ERROR;
				GCC_WARN_UNDECLARED_SELECTOR = YES;
				GCC_WARN_UNINITIALIZED_AUTOS = YES_AGGRESSIVE;
				GCC_WARN_UNUSED_FUNCTION = YES;
				GCC_WARN_UNUSED_VARIABLE = YES;
				IPHONEOS_DEPLOYMENT_TARGET = 18.5;
				LOCALIZATION_PREFERS_STRING_CATALOGS = YES;
				MTL_ENABLE_DEBUG_INFO = INCLUDE_SOURCE;
				MTL_FAST_MATH = YES;
				ONLY_ACTIVE_ARCH = YES;
				SDKROOT = iphoneos;
				SWIFT_ACTIVE_COMPILATION_CONDITIONS = "DEBUG $(inherited)";
				SWIFT_OPTIMIZATION_LEVEL = "-Onone";
			};
			name = Debug;
		};
		D53E87EE2E62DFD200D49E06 /* Release */ = {
			isa = XCBuildConfiguration;
			buildSettings = {
				ALWAYS_SEARCH_USER_PATHS = NO;
				ASSETCATALOG_COMPILER_GENERATE_SWIFT_ASSET_SYMBOL_EXTENSIONS = YES;
				CLANG_ANALYZER_NONNULL = YES;
				CLANG_ANALYZER_NUMBER_OBJECT_CONVERSION = YES_AGGRESSIVE;
				CLANG_CXX_LANGUAGE_STANDARD = "gnu++20";
				CLANG_ENABLE_MODULES = YES;
				CLANG_ENABLE_OBJC_ARC = YES;
				CLANG_ENABLE_OBJC_WEAK = YES;
				CLANG_WARN_BLOCK_CAPTURE_AUTORELEASING = YES;
				CLANG_WARN_BOOL_CONVERSION = YES;
				CLANG_WARN_COMMA = YES;
				CLANG_WARN_CONSTANT_CONVERSION = YES;
				CLANG_WARN_DEPRECATED_OBJC_IMPLEMENTATIONS = YES;
				CLANG_WARN_DIRECT_OBJC_ISA_USAGE = YES_ERROR;
				CLANG_WARN_DOCUMENTATION_COMMENTS = YES;
				CLANG_WARN_EMPTY_BODY = YES;
				CLANG_WARN_ENUM_CONVERSION = YES;
				CLANG_WARN_INFINITE_RECURSION = YES;
				CLANG_WARN_INT_CONVERSION = YES;
				CLANG_WARN_NON_LITERAL_NULL_CONVERSION = YES;
				CLANG_WARN_OBJC_IMPLICIT_RETAIN_SELF = YES;
				CLANG_WARN_OBJC_LITERAL_CONVERSION = YES;
				CLANG_WARN_OBJC_ROOT_CLASS = YES_ERROR;
				CLANG_WARN_QUOTED_INCLUDE_IN_FRAMEWORK_HEADER = YES;
				CLANG_WARN_RANGE_LOOP_ANALYSIS = YES;
				CLANG_WARN_STRICT_PROTOTYPES = YES;
				CLANG_WARN_SUSPICIOUS_MOVE = YES;
				CLANG_WARN_UNGUARDED_AVAILABILITY = YES_AGGRESSIVE;
				CLANG_WARN_UNREACHABLE_CODE = YES;
				CLANG_WARN__DUPLICATE_METHOD_MATCH = YES;
				COPY_PHASE_STRIP = NO;
				DEBUG_INFORMATION_FORMAT = "dwarf-with-dsym";
				DEVELOPMENT_TEAM = ACG93K4C9J;
				ENABLE_NS_ASSERTIONS = NO;
				ENABLE_STRICT_OBJC_MSGSEND = YES;
				ENABLE_USER_SCRIPT_SANDBOXING = YES;
				GCC_C_LANGUAGE_STANDARD = gnu17;
				GCC_NO_COMMON_BLOCKS = YES;
				GCC_WARN_64_TO_32_BIT_CONVERSION = YES;
				GCC_WARN_ABOUT_RETURN_TYPE = YES_ERROR;
				GCC_WARN_UNDECLARED_SELECTOR = YES;
				GCC_WARN_UNINITIALIZED_AUTOS = YES_AGGRESSIVE;
				GCC_WARN_UNUSED_FUNCTION = YES;
				GCC_WARN_UNUSED_VARIABLE = YES;
				IPHONEOS_DEPLOYMENT_TARGET = 18.5;
				LOCALIZATION_PREFERS_STRING_CATALOGS = YES;
				MTL_ENABLE_DEBUG_INFO = NO;
				MTL_FAST_MATH = YES;
				SDKROOT = iphoneos;
				SWIFT_COMPILATION_MODE = wholemodule;
				VALIDATE_PRODUCT = YES;
			};
			name = Release;
		};
		D53E87F02E62DFD200D49E06 /* Debug */ = {
			isa = XCBuildConfiguration;
			buildSettings = {
				ASSETCATALOG_COMPILER_APPICON_NAME = AppIcon;
				ASSETCATALOG_COMPILER_GLOBAL_ACCENT_COLOR_NAME = AccentColor;
				CODE_SIGN_ENTITLEMENTS = VTKeyboard/VTKeyboard.entitlements;
				CODE_SIGN_STYLE = Automatic;
				CURRENT_PROJECT_VERSION = 1;
				DEVELOPMENT_TEAM = ACG93K4C9J;
				ENABLE_PREVIEWS = YES;
				GENERATE_INFOPLIST_FILE = YES;
				INFOPLIST_FILE = VTKeyboard/Info.plist;
				INFOPLIST_KEY_NSMicrophoneUsageDescription = "Record audio to transcribe into text for the keyboard.";
				INFOPLIST_KEY_UIApplicationSceneManifest_Generation = YES;
				INFOPLIST_KEY_UIApplicationSupportsIndirectInputEvents = YES;
				INFOPLIST_KEY_UILaunchScreen_Generation = YES;
				INFOPLIST_KEY_UISupportedInterfaceOrientations_iPad = "UIInterfaceOrientationPortrait UIInterfaceOrientationPortraitUpsideDown UIInterfaceOrientationLandscapeLeft UIInterfaceOrientationLandscapeRight";
				INFOPLIST_KEY_UISupportedInterfaceOrientations_iPhone = "UIInterfaceOrientationPortrait UIInterfaceOrientationLandscapeLeft UIInterfaceOrientationLandscapeRight";
				LD_RUNPATH_SEARCH_PATHS = (
					"$(inherited)",
					"@executable_path/Frameworks",
				);
				MARKETING_VERSION = 1.0;
				PRODUCT_BUNDLE_IDENTIFIER = com.sandeepan.VTTKeyboard.VTKeyboard;
				PRODUCT_NAME = "$(TARGET_NAME)";
				SWIFT_EMIT_LOC_STRINGS = YES;
				SWIFT_VERSION = 5.0;
				TARGETED_DEVICE_FAMILY = "1,2";
			};
			name = Debug;
		};
		D53E87F12E62DFD200D49E06 /* Release */ = {
			isa = XCBuildConfiguration;
			buildSettings = {
				ASSETCATALOG_COMPILER_APPICON_NAME = AppIcon;
				ASSETCATALOG_COMPILER_GLOBAL_ACCENT_COLOR_NAME = AccentColor;
				CODE_SIGN_ENTITLEMENTS = VTKeyboard/VTKeyboard.entitlements;
				CODE_SIGN_STYLE = Automatic;
				CURRENT_PROJECT_VERSION = 1;
				DEVELOPMENT_TEAM = ACG93K4C9J;
				ENABLE_PREVIEWS = YES;
				GENERATE_INFOPLIST_FILE = YES;
				INFOPLIST_FILE = VTKeyboard/Info.plist;
				INFOPLIST_KEY_NSMicrophoneUsageDescription = "Record audio to transcribe into text for the keyboard.";
				INFOPLIST_KEY_UIApplicationSceneManifest_Generation = YES;
				INFOPLIST_KEY_UIApplicationSupportsIndirectInputEvents = YES;
				INFOPLIST_KEY_UILaunchScreen_Generation = YES;
				INFOPLIST_KEY_UISupportedInterfaceOrientations_iPad = "UIInterfaceOrientationPortrait UIInterfaceOrientationPortraitUpsideDown UIInterfaceOrientationLandscapeLeft UIInterfaceOrientationLandscapeRight";
				INFOPLIST_KEY_UISupportedInterfaceOrientations_iPhone = "UIInterfaceOrientationPortrait UIInterfaceOrientationLandscapeLeft UIInterfaceOrientationLandscapeRight";
				LD_RUNPATH_SEARCH_PATHS = (
					"$(inherited)",
					"@executable_path/Frameworks",
				);
				MARKETING_VERSION = 1.0;
				PRODUCT_BUNDLE_IDENTIFIER = com.sandeepan.VTTKeyboard.VTKeyboard;
				PRODUCT_NAME = "$(TARGET_NAME)";
				SWIFT_EMIT_LOC_STRINGS = YES;
				SWIFT_VERSION = 5.0;
				TARGETED_DEVICE_FAMILY = "1,2";
			};
			name = Release;
		};
		D53E87F32E62DFD200D49E06 /* Debug */ = {
			isa = XCBuildConfiguration;
			buildSettings = {
				BUNDLE_LOADER = "$(TEST_HOST)";
				CODE_SIGN_STYLE = Automatic;
				CURRENT_PROJECT_VERSION = 1;
				DEVELOPMENT_TEAM = ACG93K4C9J;
				GENERATE_INFOPLIST_FILE = YES;
				IPHONEOS_DEPLOYMENT_TARGET = 18.5;
				MARKETING_VERSION = 1.0;
				PRODUCT_BUNDLE_IDENTIFIER = com.sandeepan.VTTKeyboard.VTKeyboardTests;
				PRODUCT_NAME = "$(TARGET_NAME)";
				SWIFT_EMIT_LOC_STRINGS = NO;
				SWIFT_VERSION = 5.0;
				TARGETED_DEVICE_FAMILY = "1,2";
				TEST_HOST = "$(BUILT_PRODUCTS_DIR)/VTKeyboard.app/$(BUNDLE_EXECUTABLE_FOLDER_PATH)/VTKeyboard";
			};
			name = Debug;
		};
		D53E87F42E62DFD200D49E06 /* Release */ = {
			isa = XCBuildConfiguration;
			buildSettings = {
				BUNDLE_LOADER = "$(TEST_HOST)";
				CODE_SIGN_STYLE = Automatic;
				CURRENT_PROJECT_VERSION = 1;
				DEVELOPMENT_TEAM = ACG93K4C9J;
				GENERATE_INFOPLIST_FILE = YES;
				IPHONEOS_DEPLOYMENT_TARGET = 18.5;
				MARKETING_VERSION = 1.0;
				PRODUCT_BUNDLE_IDENTIFIER = com.sandeepan.VTTKeyboard.VTKeyboardTests;
				PRODUCT_NAME = "$(TARGET_NAME)";
				SWIFT_EMIT_LOC_STRINGS = NO;
				SWIFT_VERSION = 5.0;
				TARGETED_DEVICE_FAMILY = "1,2";
				TEST_HOST = "$(BUILT_PRODUCTS_DIR)/VTKeyboard.app/$(BUNDLE_EXECUTABLE_FOLDER_PATH)/VTKeyboard";
			};
			name = Release;
		};
		D53E87F62E62DFD200D49E06 /* Debug */ = {
			isa = XCBuildConfiguration;
			buildSettings = {
				CODE_SIGN_STYLE = Automatic;
				CURRENT_PROJECT_VERSION = 1;
				DEVELOPMENT_TEAM = ACG93K4C9J;
				GENERATE_INFOPLIST_FILE = YES;
				MARKETING_VERSION = 1.0;
				PRODUCT_BUNDLE_IDENTIFIER = com.sandeepan.VTTKeyboard.VTKeyboardUITests;
				PRODUCT_NAME = "$(TARGET_NAME)";
				SWIFT_EMIT_LOC_STRINGS = NO;
				SWIFT_VERSION = 5.0;
				TARGETED_DEVICE_FAMILY = "1,2";
				TEST_TARGET_NAME = VTKeyboard;
			};
			name = Debug;
		};
		D53E87F72E62DFD200D49E06 /* Release */ = {
			isa = XCBuildConfiguration;
			buildSettings = {
				CODE_SIGN_STYLE = Automatic;
				CURRENT_PROJECT_VERSION = 1;
				DEVELOPMENT_TEAM = ACG93K4C9J;
				GENERATE_INFOPLIST_FILE = YES;
				MARKETING_VERSION = 1.0;
				PRODUCT_BUNDLE_IDENTIFIER = com.sandeepan.VTTKeyboard.VTKeyboardUITests;
				PRODUCT_NAME = "$(TARGET_NAME)";
				SWIFT_EMIT_LOC_STRINGS = NO;
				SWIFT_VERSION = 5.0;
				TARGETED_DEVICE_FAMILY = "1,2";
				TEST_TARGET_NAME = VTKeyboard;
			};
			name = Release;
		};
		D53E88432E62ED4F00D49E06 /* Debug */ = {
			isa = XCBuildConfiguration;
			buildSettings = {
				CODE_SIGN_ENTITLEMENTS = VTKeyboardExtension/VTKeyboardExtension.entitlements;
				CODE_SIGN_STYLE = Automatic;
				CURRENT_PROJECT_VERSION = 1;
				DEVELOPMENT_TEAM = ACG93K4C9J;
				GENERATE_INFOPLIST_FILE = YES;
				INFOPLIST_FILE = VTKeyboardExtension/Info.plist;
				INFOPLIST_KEY_CFBundleDisplayName = VTKeyboardExtension;
				INFOPLIST_KEY_NSHumanReadableCopyright = "";
				LD_RUNPATH_SEARCH_PATHS = (
					"$(inherited)",
					"@executable_path/Frameworks",
					"@executable_path/../../Frameworks",
				);
				MARKETING_VERSION = 1.0;
				PRODUCT_BUNDLE_IDENTIFIER = com.sandeepan.VTTKeyboard.VTKeyboard.VTKeyboardExtension;
				PRODUCT_NAME = "$(TARGET_NAME)";
				SKIP_INSTALL = YES;
				SWIFT_EMIT_LOC_STRINGS = YES;
				SWIFT_VERSION = 5.0;
				TARGETED_DEVICE_FAMILY = "1,2";
			};
			name = Debug;
		};
		D53E88442E62ED4F00D49E06 /* Release */ = {
			isa = XCBuildConfiguration;
			buildSettings = {
				CODE_SIGN_ENTITLEMENTS = VTKeyboardExtension/VTKeyboardExtension.entitlements;
				CODE_SIGN_STYLE = Automatic;
				CURRENT_PROJECT_VERSION = 1;
				DEVELOPMENT_TEAM = ACG93K4C9J;
				GENERATE_INFOPLIST_FILE = YES;
				INFOPLIST_FILE = VTKeyboardExtension/Info.plist;
				INFOPLIST_KEY_CFBundleDisplayName = VTKeyboardExtension;
				INFOPLIST_KEY_NSHumanReadableCopyright = "";
				LD_RUNPATH_SEARCH_PATHS = (
					"$(inherited)",
					"@executable_path/Frameworks",
					"@executable_path/../../Frameworks",
				);
				MARKETING_VERSION = 1.0;
				PRODUCT_BUNDLE_IDENTIFIER = com.sandeepan.VTTKeyboard.VTKeyboard.VTKeyboardExtension;
				PRODUCT_NAME = "$(TARGET_NAME)";
				SKIP_INSTALL = YES;
				SWIFT_EMIT_LOC_STRINGS = YES;
				SWIFT_VERSION = 5.0;
				TARGETED_DEVICE_FAMILY = "1,2";
			};
			name = Release;
		};
/* End XCBuildConfiguration section */

/* Begin XCConfigurationList section */
		D53E87C92E62DFD100D49E06 /* Build configuration list for PBXProject "VTKeyboard" */ = {
			isa = XCConfigurationList;
			buildConfigurations = (
				D53E87ED2E62DFD200D49E06 /* Debug */,
				D53E87EE2E62DFD200D49E06 /* Release */,
			);
			defaultConfigurationIsVisible = 0;
			defaultConfigurationName = Release;
		};
		D53E87EF2E62DFD200D49E06 /* Build configuration list for PBXNativeTarget "VTKeyboard" */ = {
			isa = XCConfigurationList;
			buildConfigurations = (
				D53E87F02E62DFD200D49E06 /* Debug */,
				D53E87F12E62DFD200D49E06 /* Release */,
			);
			defaultConfigurationIsVisible = 0;
			defaultConfigurationName = Release;
		};
		D53E87F22E62DFD200D49E06 /* Build configuration list for PBXNativeTarget "VTKeyboardTests" */ = {
			isa = XCConfigurationList;
			buildConfigurations = (
				D53E87F32E62DFD200D49E06 /* Debug */,
				D53E87F42E62DFD200D49E06 /* Release */,
			);
			defaultConfigurationIsVisible = 0;
			defaultConfigurationName = Release;
		};
		D53E87F52E62DFD200D49E06 /* Build configuration list for PBXNativeTarget "VTKeyboardUITests" */ = {
			isa = XCConfigurationList;
			buildConfigurations = (
				D53E87F62E62DFD200D49E06 /* Debug */,
				D53E87F72E62DFD200D49E06 /* Release */,
			);
			defaultConfigurationIsVisible = 0;
			defaultConfigurationName = Release;
		};
		D53E88422E62ED4F00D49E06 /* Build configuration list for PBXNativeTarget "VTKeyboardExtension" */ = {
			isa = XCConfigurationList;
			buildConfigurations = (
				D53E88432E62ED4F00D49E06 /* Debug */,
				D53E88442E62ED4F00D49E06 /* Release */,
			);
			defaultConfigurationIsVisible = 0;
			defaultConfigurationName = Release;
		};
/* End XCConfigurationList section */
	};
	rootObject = D53E87C62E62DFD100D49E06 /* Project object */;
}
